
Microsoft Visual Studio Solution File, Format Version 12.00
# Visual Studio 15
VisualStudioVersion = 15.0.26430.13
MinimumVisualStudioVersion = 10.0.40219.1
Project("{FAE04EC0-301F-11D3-BF4B-00C04F79EFBC}") = "HelloWorldWinForm", "HelloWorldWinForm\HelloWorldWinForm.csproj", "{4A79CE7B-711D-4130-B8A0-A3B4513A0158}"
EndProject
Project("{FAE04EC0-301F-11D3-BF4B-00C04F79EFBC}") = "HelloWorldPi", "HelloWorldPi\HelloWorldPi.csproj", "{C515B759-BFA8-40EF-A112-39214822C0D9}"
EndProject
Project("{FAE04EC0-301F-11D3-BF4B-00C04F79EFBC}") = "LEDBinky", "LEDBinky\LEDBinky.csproj", "{9EB59B23-D8FB-4F89-9FF4-DB35B5D202FF}"
EndProject
Project("{FAE04EC0-301F-11D3-BF4B-00C04F79EFBC}") = "SonicSensor", "SonicSensor\SonicSensor.csproj", "{3BC2E944-C837-4C66-8594-03F8ACC50318}"
EndProject
Global
	GlobalSection(SolutionConfigurationPlatforms) = preSolution
		Debug|Any CPU = Debug|Any CPU
		Debug|ARM = Debug|ARM
		Debug|x64 = Debug|x64
		Debug|x86 = Debug|x86
		Release|Any CPU = Release|Any CPU
		Release|ARM = Release|ARM
		Release|x64 = Release|x64
		Release|x86 = Release|x86
	EndGlobalSection
	GlobalSection(ProjectConfigurationPlatforms) = postSolution
		{4A79CE7B-711D-4130-B8A0-A3B4513A0158}.Debug|Any CPU.ActiveCfg = Debug|Any CPU
		{4A79CE7B-711D-4130-B8A0-A3B4513A0158}.Debug|Any CPU.Build.0 = Debug|Any CPU
		{4A79CE7B-711D-4130-B8A0-A3B4513A0158}.Debug|ARM.ActiveCfg = Debug|Any CPU
		{4A79CE7B-711D-4130-B8A0-A3B4513A0158}.Debug|ARM.Build.0 = Debug|Any CPU
		{4A79CE7B-711D-4130-B8A0-A3B4513A0158}.Debug|x64.ActiveCfg = Debug|Any CPU
		{4A79CE7B-711D-4130-B8A0-A3B4513A0158}.Debug|x64.Build.0 = Debug|Any CPU
		{4A79CE7B-711D-4130-B8A0-A3B4513A0158}.Debug|x86.ActiveCfg = Debug|Any CPU
		{4A79CE7B-711D-4130-B8A0-A3B4513A0158}.Debug|x86.Build.0 = Debug|Any CPU
		{4A79CE7B-711D-4130-B8A0-A3B4513A0158}.Release|Any CPU.ActiveCfg = Release|Any CPU
		{4A79CE7B-711D-4130-B8A0-A3B4513A0158}.Release|Any CPU.Build.0 = Release|Any CPU
		{4A79CE7B-711D-4130-B8A0-A3B4513A0158}.Release|ARM.ActiveCfg = Release|Any CPU
		{4A79CE7B-711D-4130-B8A0-A3B4513A0158}.Release|ARM.Build.0 = Release|Any CPU
		{4A79CE7B-711D-4130-B8A0-A3B4513A0158}.Release|x64.ActiveCfg = Release|Any CPU
		{4A79CE7B-711D-4130-B8A0-A3B4513A0158}.Release|x64.Build.0 = Release|Any CPU
		{4A79CE7B-711D-4130-B8A0-A3B4513A0158}.Release|x86.ActiveCfg = Release|Any CPU
		{4A79CE7B-711D-4130-B8A0-A3B4513A0158}.Release|x86.Build.0 = Release|Any CPU
		{C515B759-BFA8-40EF-A112-39214822C0D9}.Debug|Any CPU.ActiveCfg = Debug|x86
		{C515B759-BFA8-40EF-A112-39214822C0D9}.Debug|ARM.ActiveCfg = Debug|ARM
		{C515B759-BFA8-40EF-A112-39214822C0D9}.Debug|ARM.Build.0 = Debug|ARM
		{C515B759-BFA8-40EF-A112-39214822C0D9}.Debug|ARM.Deploy.0 = Debug|ARM
		{C515B759-BFA8-40EF-A112-39214822C0D9}.Debug|x64.ActiveCfg = Debug|x64
		{C515B759-BFA8-40EF-A112-39214822C0D9}.Debug|x64.Build.0 = Debug|x64
		{C515B759-BFA8-40EF-A112-39214822C0D9}.Debug|x64.Deploy.0 = Debug|x64
		{C515B759-BFA8-40EF-A112-39214822C0D9}.Debug|x86.ActiveCfg = Debug|x86
		{C515B759-BFA8-40EF-A112-39214822C0D9}.Debug|x86.Build.0 = Debug|x86
		{C515B759-BFA8-40EF-A112-39214822C0D9}.Debug|x86.Deploy.0 = Debug|x86
		{C515B759-BFA8-40EF-A112-39214822C0D9}.Release|Any CPU.ActiveCfg = Release|x86
		{C515B759-BFA8-40EF-A112-39214822C0D9}.Release|ARM.ActiveCfg = Release|ARM
		{C515B759-BFA8-40EF-A112-39214822C0D9}.Release|ARM.Build.0 = Release|ARM
		{C515B759-BFA8-40EF-A112-39214822C0D9}.Release|ARM.Deploy.0 = Release|ARM
		{C515B759-BFA8-40EF-A112-39214822C0D9}.Release|x64.ActiveCfg = Release|x64
		{C515B759-BFA8-40EF-A112-39214822C0D9}.Release|x64.Build.0 = Release|x64
		{C515B759-BFA8-40EF-A112-39214822C0D9}.Release|x64.Deploy.0 = Release|x64
		{C515B759-BFA8-40EF-A112-39214822C0D9}.Release|x86.ActiveCfg = Release|x86
		{C515B759-BFA8-40EF-A112-39214822C0D9}.Release|x86.Build.0 = Release|x86
		{C515B759-BFA8-40EF-A112-39214822C0D9}.Release|x86.Deploy.0 = Release|x86
		{9EB59B23-D8FB-4F89-9FF4-DB35B5D202FF}.Debug|Any CPU.ActiveCfg = Debug|x86
		{9EB59B23-D8FB-4F89-9FF4-DB35B5D202FF}.Debug|ARM.ActiveCfg = Debug|ARM
		{9EB59B23-D8FB-4F89-9FF4-DB35B5D202FF}.Debug|ARM.Build.0 = Debug|ARM
		{9EB59B23-D8FB-4F89-9FF4-DB35B5D202FF}.Debug|ARM.Deploy.0 = Debug|ARM
		{9EB59B23-D8FB-4F89-9FF4-DB35B5D202FF}.Debug|x64.ActiveCfg = Debug|x64
		{9EB59B23-D8FB-4F89-9FF4-DB35B5D202FF}.Debug|x64.Build.0 = Debug|x64
		{9EB59B23-D8FB-4F89-9FF4-DB35B5D202FF}.Debug|x64.Deploy.0 = Debug|x64
		{9EB59B23-D8FB-4F89-9FF4-DB35B5D202FF}.Debug|x86.ActiveCfg = Debug|x86
		{9EB59B23-D8FB-4F89-9FF4-DB35B5D202FF}.Debug|x86.Build.0 = Debug|x86
		{9EB59B23-D8FB-4F89-9FF4-DB35B5D202FF}.Debug|x86.Deploy.0 = Debug|x86
		{9EB59B23-D8FB-4F89-9FF4-DB35B5D202FF}.Release|Any CPU.ActiveCfg = Release|x86
		{9EB59B23-D8FB-4F89-9FF4-DB35B5D202FF}.Release|ARM.ActiveCfg = Release|ARM
		{9EB59B23-D8FB-4F89-9FF4-DB35B5D202FF}.Release|ARM.Build.0 = Release|ARM
		{9EB59B23-D8FB-4F89-9FF4-DB35B5D202FF}.Release|ARM.Deploy.0 = Release|ARM
		{9EB59B23-D8FB-4F89-9FF4-DB35B5D202FF}.Release|x64.ActiveCfg = Release|x64
		{9EB59B23-D8FB-4F89-9FF4-DB35B5D202FF}.Release|x64.Build.0 = Release|x64
		{9EB59B23-D8FB-4F89-9FF4-DB35B5D202FF}.Release|x64.Deploy.0 = Release|x64
		{9EB59B23-D8FB-4F89-9FF4-DB35B5D202FF}.Release|x86.ActiveCfg = Release|x86
		{9EB59B23-D8FB-4F89-9FF4-DB35B5D202FF}.Release|x86.Build.0 = Release|x86
		{9EB59B23-D8FB-4F89-9FF4-DB35B5D202FF}.Release|x86.Deploy.0 = Release|x86
		{3BC2E944-C837-4C66-8594-03F8ACC50318}.Debug|Any CPU.ActiveCfg = Debug|x86
		{3BC2E944-C837-4C66-8594-03F8ACC50318}.Debug|ARM.ActiveCfg = Debug|ARM
		{3BC2E944-C837-4C66-8594-03F8ACC50318}.Debug|ARM.Build.0 = Debug|ARM
		{3BC2E944-C837-4C66-8594-03F8ACC50318}.Debug|ARM.Deploy.0 = Debug|ARM
		{3BC2E944-C837-4C66-8594-03F8ACC50318}.Debug|x64.ActiveCfg = Debug|x64
		{3BC2E944-C837-4C66-8594-03F8ACC50318}.Debug|x64.Build.0 = Debug|x64
		{3BC2E944-C837-4C66-8594-03F8ACC50318}.Debug|x64.Deploy.0 = Debug|x64
		{3BC2E944-C837-4C66-8594-03F8ACC50318}.Debug|x86.ActiveCfg = Debug|x86
		{3BC2E944-C837-4C66-8594-03F8ACC50318}.Debug|x86.Build.0 = Debug|x86
		{3BC2E944-C837-4C66-8594-03F8ACC50318}.Debug|x86.Deploy.0 = Debug|x86
		{3BC2E944-C837-4C66-8594-03F8ACC50318}.Release|Any CPU.ActiveCfg = Release|x86
		{3BC2E944-C837-4C66-8594-03F8ACC50318}.Release|ARM.ActiveCfg = Release|ARM
		{3BC2E944-C837-4C66-8594-03F8ACC50318}.Release|ARM.Build.0 = Release|ARM
		{3BC2E944-C837-4C66-8594-03F8ACC50318}.Release|ARM.Deploy.0 = Release|ARM
		{3BC2E944-C837-4C66-8594-03F8ACC50318}.Release|x64.ActiveCfg = Release|x64
		{3BC2E944-C837-4C66-8594-03F8ACC50318}.Release|x64.Build.0 = Release|x64
		{3BC2E944-C837-4C66-8594-03F8ACC50318}.Release|x64.Deploy.0 = Release|x64
		{3BC2E944-C837-4C66-8594-03F8ACC50318}.Release|x86.ActiveCfg = Release|x86
		{3BC2E944-C837-4C66-8594-03F8ACC50318}.Release|x86.Build.0 = Release|x86
		{3BC2E944-C837-4C66-8594-03F8ACC50318}.Release|x86.Deploy.0 = Release|x86
	EndGlobalSection
	GlobalSection(SolutionProperties) = preSolution
		HideSolutionNode = FALSE
	EndGlobalSection
EndGlobal
